
Microsoft Visual Studio Solution File, Format Version 12.00
# Visual Studio Version 16
VisualStudioVersion = 16.0.30104.148
MinimumVisualStudioVersion = 10.0.40219.1
Project("{FAE04EC0-301F-11D3-BF4B-00C04F79EFBC}") = "ProyectoContactos", "ProyectoContactos.csproj", "{515DE470-8351-41A2-B6A5-FBC3B8E8FA5F}"
EndProject
Global
	GlobalSection(SolutionConfigurationPlatforms) = preSolution
		Debug|Any CPU = Debug|Any CPU
		Release|Any CPU = Release|Any CPU
	EndGlobalSection
	GlobalSection(ProjectConfigurationPlatforms) = postSolution
		{515DE470-8351-41A2-B6A5-FBC3B8E8FA5F}.Debug|Any CPU.ActiveCfg = Debug|Any CPU
		{515DE470-8351-41A2-B6A5-FBC3B8E8FA5F}.Debug|Any CPU.Build.0 = Debug|Any CPU
		{515DE470-8351-41A2-B6A5-FBC3B8E8FA5F}.Release|Any CPU.ActiveCfg = Release|Any CPU
		{515DE470-8351-41A2-B6A5-FBC3B8E8FA5F}.Release|Any CPU.Build.0 = Release|Any CPU
	EndGlobalSection
	GlobalSection(SolutionProperties) = preSolution
		HideSolutionNode = FALSE
	EndGlobalSection
	GlobalSection(ExtensibilityGlobals) = postSolution
		SolutionGuid = {6CEA100A-F24F-470B-986D-8C03EAC98A0F}
	EndGlobalSection
EndGlobal
